
Microsoft Visual Studio Solution File, Format Version 12.00
# Visual Studio Version 16
VisualStudioVersion = 16.0.30413.136
MinimumVisualStudioVersion = 10.0.40219.1
Project("{9A19103F-16F7-4668-BE54-9A1E7A4F7556}") = "HelloWorld", "HelloWorld\HelloWorld.csproj", "{C6D45D3D-E2EC-4220-92E2-CEED3E1A53DD}"
EndProject
Project("{FAE04EC0-301F-11D3-BF4B-00C04F79EFBC}") = "Projekt2", "Projekt2\Projekt2.csproj", "{EC02BAB1-604B-42E5-A65F-B39060577155}"
EndProject
Global
	GlobalSection(SolutionConfigurationPlatforms) = preSolution
		Debug|Any CPU = Debug|Any CPU
		Release|Any CPU = Release|Any CPU
	EndGlobalSection
	GlobalSection(ProjectConfigurationPlatforms) = postSolution
		{C6D45D3D-E2EC-4220-92E2-CEED3E1A53DD}.Debug|Any CPU.ActiveCfg = Debug|Any CPU
		{C6D45D3D-E2EC-4220-92E2-CEED3E1A53DD}.Debug|Any CPU.Build.0 = Debug|Any CPU
		{C6D45D3D-E2EC-4220-92E2-CEED3E1A53DD}.Release|Any CPU.ActiveCfg = Release|Any CPU
		{C6D45D3D-E2EC-4220-92E2-CEED3E1A53DD}.Release|Any CPU.Build.0 = Release|Any CPU
		{EC02BAB1-604B-42E5-A65F-B39060577155}.Debug|Any CPU.ActiveCfg = Debug|Any CPU
		{EC02BAB1-604B-42E5-A65F-B39060577155}.Debug|Any CPU.Build.0 = Debug|Any CPU
		{EC02BAB1-604B-42E5-A65F-B39060577155}.Release|Any CPU.ActiveCfg = Release|Any CPU
		{EC02BAB1-604B-42E5-A65F-B39060577155}.Release|Any CPU.Build.0 = Release|Any CPU
	EndGlobalSection
	GlobalSection(SolutionProperties) = preSolution
		HideSolutionNode = FALSE
	EndGlobalSection
	GlobalSection(ExtensibilityGlobals) = postSolution
		SolutionGuid = {8223B5C8-3E03-4BA1-B98D-72DF8303793C}
	EndGlobalSection
EndGlobal
